
Microsoft Visual Studio Solution File, Format Version 12.00
# Visual Studio Version 17
VisualStudioVersion = 17.10.35013.160
MinimumVisualStudioVersion = 10.0.40219.1
Project("{9A19103F-16F7-4668-BE54-9A1E7A4F7556}") = "OCo2Chodzi.Endpoint", "OCo2Chodzi.Endpoint\OCo2Chodzi.Endpoint.csproj", "{CDF1967B-B84F-4924-B51F-0D30EC9BF968}"
EndProject
Project("{FAE04EC0-301F-11D3-BF4B-00C04F79EFBC}") = "Oco2Chodzi.Models", "Oco2Chodzi.Models\Oco2Chodzi.Models.csproj", "{502ECB5B-9F5B-4A75-BC5B-BD8528324276}"
EndProject
Project("{FAE04EC0-301F-11D3-BF4B-00C04F79EFBC}") = "OCo2Chodzi.Service", "OCo2Chodzi.Service\OCo2Chodzi.Service.csproj", "{11E5F235-BEEC-410F-BCD5-92D3FF4C0FCC}"
EndProject
Global
	GlobalSection(SolutionConfigurationPlatforms) = preSolution
		Debug|Any CPU = Debug|Any CPU
		Release|Any CPU = Release|Any CPU
	EndGlobalSection
	GlobalSection(ProjectConfigurationPlatforms) = postSolution
		{CDF1967B-B84F-4924-B51F-0D30EC9BF968}.Debug|Any CPU.ActiveCfg = Debug|Any CPU
		{CDF1967B-B84F-4924-B51F-0D30EC9BF968}.Debug|Any CPU.Build.0 = Debug|Any CPU
		{CDF1967B-B84F-4924-B51F-0D30EC9BF968}.Release|Any CPU.ActiveCfg = Release|Any CPU
		{CDF1967B-B84F-4924-B51F-0D30EC9BF968}.Release|Any CPU.Build.0 = Release|Any CPU
		{502ECB5B-9F5B-4A75-BC5B-BD8528324276}.Debug|Any CPU.ActiveCfg = Debug|Any CPU
		{502ECB5B-9F5B-4A75-BC5B-BD8528324276}.Debug|Any CPU.Build.0 = Debug|Any CPU
		{502ECB5B-9F5B-4A75-BC5B-BD8528324276}.Release|Any CPU.ActiveCfg = Release|Any CPU
		{502ECB5B-9F5B-4A75-BC5B-BD8528324276}.Release|Any CPU.Build.0 = Release|Any CPU
		{11E5F235-BEEC-410F-BCD5-92D3FF4C0FCC}.Debug|Any CPU.ActiveCfg = Debug|Any CPU
		{11E5F235-BEEC-410F-BCD5-92D3FF4C0FCC}.Debug|Any CPU.Build.0 = Debug|Any CPU
		{11E5F235-BEEC-410F-BCD5-92D3FF4C0FCC}.Release|Any CPU.ActiveCfg = Release|Any CPU
		{11E5F235-BEEC-410F-BCD5-92D3FF4C0FCC}.Release|Any CPU.Build.0 = Release|Any CPU
	EndGlobalSection
	GlobalSection(SolutionProperties) = preSolution
		HideSolutionNode = FALSE
	EndGlobalSection
	GlobalSection(ExtensibilityGlobals) = postSolution
		SolutionGuid = {CF216C67-19F0-4BCB-BE98-0A2725F26F47}
	EndGlobalSection
EndGlobal
